{
  "name": "test",
  "version": "1.0.0",
  "lockfileVersion": 1,
  "requires": true,
  "dependencies": {
    "csvmegaparser": {
      "version": "1.0.0",
      "resolved": "https://registry.npmjs.org/csvmegaparser/-/csvmegaparser-1.0.0.tgz",
      "integrity": "sha512-upM46UQO7Dfz13eCjm1iXIfT42FDj9xIfkEkZo4tdln7hIwq1GKEykIbQkojUAoMCrngEKDQCQnfJ237mOOCDA==",
      "requires": {
        "minimist": "^1.2.0"
      }
    },
    "minimist": {
      "version": "1.2.5",
      "resolved": "https://registry.npmjs.org/minimist/-/minimist-1.2.5.tgz",
      "integrity": "sha512-FM9nNUYrRBAELZQT3xeZQ7fmMOBg6nWNmJKTcgsJeaLstP/UODVpGsr5OhXhhXg6f+qtJ8uiZ+PUxkDWcgIXLw=="
    },
    "ncrypt-stream": {
      "version": "1.0.5",
      "resolved": "https://registry.npmjs.org/ncrypt-stream/-/ncrypt-stream-1.0.5.tgz",
      "integrity": "sha512-PScQlz/+PeAIinGMTVGLBq/kXZ9lDqZQiNkfJY1AFMnTE+9RXFGe8XcoXgeQ6BiApnpfczMdyPGKFdnoLOQQHg=="
    }
  }
}
